// !$*UTF8*$!
{
	archiveVersion = 1;
	classes = {
	};
	objectVersion = 56;
	objects = {

/* Begin PBXBuildFile section */
		6B7348E0180BEBA075584893 /* Pods_SampleQuiz.framework in Frameworks */ = {isa = PBXBuildFile; fileRef = DD7BF259E244F03847C0908A /* Pods_SampleQuiz.framework */; };
		D1103DBB29E6A22E0034A1D9 /* launchImageView.png in Resources */ = {isa = PBXBuildFile; fileRef = D1103DBA29E6A22E0034A1D9 /* launchImageView.png */; };
		D1103DBD29E6D7550034A1D9 /* QuizIllustrator.csv in Resources */ = {isa = PBXBuildFile; fileRef = D1103DBC29E6D7550034A1D9 /* QuizIllustrator.csv */; };
		D164BAD529DEEF37009E9B08 /* AppDelegate.swift in Sources */ = {isa = PBXBuildFile; fileRef = D164BAD429DEEF37009E9B08 /* AppDelegate.swift */; };
		D164BAD729DEEF37009E9B08 /* SceneDelegate.swift in Sources */ = {isa = PBXBuildFile; fileRef = D164BAD629DEEF37009E9B08 /* SceneDelegate.swift */; };
		D164BAD929DEEF37009E9B08 /* ViewController.swift in Sources */ = {isa = PBXBuildFile; fileRef = D164BAD829DEEF37009E9B08 /* ViewController.swift */; };
		D164BADC29DEEF37009E9B08 /* Main.storyboard in Resources */ = {isa = PBXBuildFile; fileRef = D164BADA29DEEF37009E9B08 /* Main.storyboard */; };
		D164BADE29DEEF39009E9B08 /* Assets.xcassets in Resources */ = {isa = PBXBuildFile; fileRef = D164BADD29DEEF39009E9B08 /* Assets.xcassets */; };
		D164BAE129DEEF39009E9B08 /* LaunchScreen.storyboard in Resources */ = {isa = PBXBuildFile; fileRef = D164BADF29DEEF39009E9B08 /* LaunchScreen.storyboard */; };
		D164BAE929DEF147009E9B08 /* QuizViewController.swift in Sources */ = {isa = PBXBuildFile; fileRef = D164BAE829DEF147009E9B08 /* QuizViewController.swift */; };
		D164BAEB29DEF260009E9B08 /* ScoreViewController.swift in Sources */ = {isa = PBXBuildFile; fileRef = D164BAEA29DEF260009E9B08 /* ScoreViewController.swift */; };
		D164BAED29E14AA1009E9B08 /* QuizPremierePro.csv in Resources */ = {isa = PBXBuildFile; fileRef = D164BAEC29E14AA1009E9B08 /* QuizPremierePro.csv */; };
		D164BAF129E29D20009E9B08 /* correct.png in Resources */ = {isa = PBXBuildFile; fileRef = D164BAEF29E29D1F009E9B08 /* correct.png */; };
		D164BAF229E29D20009E9B08 /* incorrect.png in Resources */ = {isa = PBXBuildFile; fileRef = D164BAF029E29D1F009E9B08 /* incorrect.png */; };
		D164BAF529E2A465009E9B08 /* SelectToolViewController.swift in Sources */ = {isa = PBXBuildFile; fileRef = D164BAF429E2A465009E9B08 /* SelectToolViewController.swift */; };
		D164BAF729E2A773009E9B08 /* QuizAftterEffects.csv in Resources */ = {isa = PBXBuildFile; fileRef = D164BAF629E2A773009E9B08 /* QuizAftterEffects.csv */; };
		D164BAF929E2A799009E9B08 /* QuizPhotoshop.csv in Resources */ = {isa = PBXBuildFile; fileRef = D164BAF829E2A799009E9B08 /* QuizPhotoshop.csv */; };
/* End PBXBuildFile section */

/* Begin PBXFileReference section */
		C3FFACE484201893BB541C84 /* Pods-SampleQuiz.debug.xcconfig */ = {isa = PBXFileReference; includeInIndex = 1; lastKnownFileType = text.xcconfig; name = "Pods-SampleQuiz.debug.xcconfig"; path = "Target Support Files/Pods-SampleQuiz/Pods-SampleQuiz.debug.xcconfig"; sourceTree = "<group>"; };
		D1103DBA29E6A22E0034A1D9 /* launchImageView.png */ = {isa = PBXFileReference; lastKnownFileType = image.png; path = launchImageView.png; sourceTree = "<group>"; };
		D1103DBC29E6D7550034A1D9 /* QuizIllustrator.csv */ = {isa = PBXFileReference; lastKnownFileType = text; path = QuizIllustrator.csv; sourceTree = "<group>"; };
		D164BAD129DEEF37009E9B08 /* SampleQuiz.app */ = {isa = PBXFileReference; explicitFileType = wrapper.application; includeInIndex = 0; path = SampleQuiz.app; sourceTree = BUILT_PRODUCTS_DIR; };
		D164BAD429DEEF37009E9B08 /* AppDelegate.swift */ = {isa = PBXFileReference; lastKnownFileType = sourcecode.swift; path = AppDelegate.swift; sourceTree = "<group>"; };
		D164BAD629DEEF37009E9B08 /* SceneDelegate.swift */ = {isa = PBXFileReference; lastKnownFileType = sourcecode.swift; path = SceneDelegate.swift; sourceTree = "<group>"; };
		D164BAD829DEEF37009E9B08 /* ViewController.swift */ = {isa = PBXFileReference; lastKnownFileType = sourcecode.swift; path = ViewController.swift; sourceTree = "<group>"; };
		D164BADB29DEEF37009E9B08 /* Base */ = {isa = PBXFileReference; lastKnownFileType = file.storyboard; name = Base; path = Base.lproj/Main.storyboard; sourceTree = "<group>"; };
		D164BADD29DEEF39009E9B08 /* Assets.xcassets */ = {isa = PBXFileReference; lastKnownFileType = folder.assetcatalog; path = Assets.xcassets; sourceTree = "<group>"; };
		D164BAE029DEEF39009E9B08 /* Base */ = {isa = PBXFileReference; lastKnownFileType = file.storyboard; name = Base; path = Base.lproj/LaunchScreen.storyboard; sourceTree = "<group>"; };
		D164BAE229DEEF39009E9B08 /* Info.plist */ = {isa = PBXFileReference; lastKnownFileType = text.plist.xml; path = Info.plist; sourceTree = "<group>"; };
		D164BAE829DEF147009E9B08 /* QuizViewController.swift */ = {isa = PBXFileReference; lastKnownFileType = sourcecode.swift; path = QuizViewController.swift; sourceTree = "<group>"; };
		D164BAEA29DEF260009E9B08 /* ScoreViewController.swift */ = {isa = PBXFileReference; lastKnownFileType = sourcecode.swift; path = ScoreViewController.swift; sourceTree = "<group>"; };
		D164BAEC29E14AA1009E9B08 /* QuizPremierePro.csv */ = {isa = PBXFileReference; lastKnownFileType = text; path = QuizPremierePro.csv; sourceTree = "<group>"; };
		D164BAEF29E29D1F009E9B08 /* correct.png */ = {isa = PBXFileReference; lastKnownFileType = image.png; path = correct.png; sourceTree = "<group>"; };
		D164BAF029E29D1F009E9B08 /* incorrect.png */ = {isa = PBXFileReference; lastKnownFileType = image.png; path = incorrect.png; sourceTree = "<group>"; };
		D164BAF429E2A465009E9B08 /* SelectToolViewController.swift */ = {isa = PBXFileReference; lastKnownFileType = sourcecode.swift; path = SelectToolViewController.swift; sourceTree = "<group>"; };
		D164BAF629E2A773009E9B08 /* QuizAftterEffects.csv */ = {isa = PBXFileReference; lastKnownFileType = text; path = QuizAftterEffects.csv; sourceTree = "<group>"; };
		D164BAF829E2A799009E9B08 /* QuizPhotoshop.csv */ = {isa = PBXFileReference; lastKnownFileType = text; path = QuizPhotoshop.csv; sourceTree = "<group>"; };
		DD7BF259E244F03847C0908A /* Pods_SampleQuiz.framework */ = {isa = PBXFileReference; explicitFileType = wrapper.framework; includeInIndex = 0; path = Pods_SampleQuiz.framework; sourceTree = BUILT_PRODUCTS_DIR; };
		F6D9B6BCA50B2B54F844C20A /* Pods-SampleQuiz.release.xcconfig */ = {isa = PBXFileReference; includeInIndex = 1; lastKnownFileType = text.xcconfig; name = "Pods-SampleQuiz.release.xcconfig"; path = "Target Support Files/Pods-SampleQuiz/Pods-SampleQuiz.release.xcconfig"; sourceTree = "<group>"; };
/* End PBXFileReference section */

/* Begin PBXFrameworksBuildPhase section */
		D164BACE29DEEF37009E9B08 /* Frameworks */ = {
			isa = PBXFrameworksBuildPhase;
			buildActionMask = 2147483647;
			files = (
				6B7348E0180BEBA075584893 /* Pods_SampleQuiz.framework in Frameworks */,
			);
			runOnlyForDeploymentPostprocessing = 0;
		};
/* End PBXFrameworksBuildPhase section */

/* Begin PBXGroup section */
		33A5B43B163FECEF33424BB4 /* Frameworks */ = {
			isa = PBXGroup;
			children = (
				DD7BF259E244F03847C0908A /* Pods_SampleQuiz.framework */,
			);
			name = Frameworks;
			sourceTree = "<group>";
		};
		D164BAC829DEEF37009E9B08 = {
			isa = PBXGroup;
			children = (
				D164BAD329DEEF37009E9B08 /* SampleQuiz */,
				D164BAD229DEEF37009E9B08 /* Products */,
				DF6F6EF484DE79A4D0BECC64 /* Pods */,
				33A5B43B163FECEF33424BB4 /* Frameworks */,
			);
			sourceTree = "<group>";
		};
		D164BAD229DEEF37009E9B08 /* Products */ = {
			isa = PBXGroup;
			children = (
				D164BAD129DEEF37009E9B08 /* SampleQuiz.app */,
			);
			name = Products;
			sourceTree = "<group>";
		};
		D164BAD329DEEF37009E9B08 /* SampleQuiz */ = {
			isa = PBXGroup;
			children = (
				D164BAD429DEEF37009E9B08 /* AppDelegate.swift */,
				D164BAD629DEEF37009E9B08 /* SceneDelegate.swift */,
				D164BAD829DEEF37009E9B08 /* ViewController.swift */,
				D164BADA29DEEF37009E9B08 /* Main.storyboard */,
				D164BAF429E2A465009E9B08 /* SelectToolViewController.swift */,
				D164BAEA29DEF260009E9B08 /* ScoreViewController.swift */,
				D164BAE829DEF147009E9B08 /* QuizViewController.swift */,
				D164BAEC29E14AA1009E9B08 /* QuizPremierePro.csv */,
				D164BAF629E2A773009E9B08 /* QuizAftterEffects.csv */,
				D164BAF829E2A799009E9B08 /* QuizPhotoshop.csv */,
				D1103DBC29E6D7550034A1D9 /* QuizIllustrator.csv */,
				D164BADD29DEEF39009E9B08 /* Assets.xcassets */,
				D164BADF29DEEF39009E9B08 /* LaunchScreen.storyboard */,
				D164BAE229DEEF39009E9B08 /* Info.plist */,
				D1103DBA29E6A22E0034A1D9 /* launchImageView.png */,
				D164BAEE29E29D1F009E9B08 /* image 2 */,
			);
			path = SampleQuiz;
			sourceTree = "<group>";
		};
		D164BAEE29E29D1F009E9B08 /* image 2 */ = {
			isa = PBXGroup;
			children = (
				D164BAEF29E29D1F009E9B08 /* correct.png */,
				D164BAF029E29D1F009E9B08 /* incorrect.png */,
			);
			path = "image 2";
			sourceTree = "<group>";
		};
		DF6F6EF484DE79A4D0BECC64 /* Pods */ = {
			isa = PBXGroup;
			children = (
				C3FFACE484201893BB541C84 /* Pods-SampleQuiz.debug.xcconfig */,
				F6D9B6BCA50B2B54F844C20A /* Pods-SampleQuiz.release.xcconfig */,
			);
			path = Pods;
			sourceTree = "<group>";
		};
/* End PBXGroup section */

/* Begin PBXNativeTarget section */
		D164BAD029DEEF37009E9B08 /* SampleQuiz */ = {
			isa = PBXNativeTarget;
			buildConfigurationList = D164BAE529DEEF39009E9B08 /* Build configuration list for PBXNativeTarget "SampleQuiz" */;
			buildPhases = (
				B7B3695282041F074142CB3E /* [CP] Check Pods Manifest.lock */,
				D164BACD29DEEF37009E9B08 /* Sources */,
				D164BACE29DEEF37009E9B08 /* Frameworks */,
				D164BACF29DEEF37009E9B08 /* Resources */,
			);
			buildRules = (
			);
			dependencies = (
			);
			name = SampleQuiz;
			productName = SampleQuiz;
			productReference = D164BAD129DEEF37009E9B08 /* SampleQuiz.app */;
			productType = "com.apple.product-type.application";
		};
/* End PBXNativeTarget section */

/* Begin PBXProject section */
		D164BAC929DEEF37009E9B08 /* Project object */ = {
			isa = PBXProject;
			attributes = {
				BuildIndependentTargetsInParallel = 1;
				LastSwiftUpdateCheck = 1420;
				LastUpgradeCheck = 1420;
				TargetAttributes = {
					D164BAD029DEEF37009E9B08 = {
						CreatedOnToolsVersion = 14.2;
					};
				};
			};
			buildConfigurationList = D164BACC29DEEF37009E9B08 /* Build configuration list for PBXProject "SampleQuiz" */;
			compatibilityVersion = "Xcode 14.0";
			developmentRegion = en;
			hasScannedForEncodings = 0;
			knownRegions = (
				en,
				Base,
			);
			mainGroup = D164BAC829DEEF37009E9B08;
			productRefGroup = D164BAD229DEEF37009E9B08 /* Products */;
			projectDirPath = "";
			projectRoot = "";
			targets = (
				D164BAD029DEEF37009E9B08 /* SampleQuiz */,
			);
		};
/* End PBXProject section */

/* Begin PBXResourcesBuildPhase section */
		D164BACF29DEEF37009E9B08 /* Resources */ = {
			isa = PBXResourcesBuildPhase;
			buildActionMask = 2147483647;
			files = (
				D1103DBB29E6A22E0034A1D9 /* launchImageView.png in Resources */,
				D164BAF729E2A773009E9B08 /* QuizAftterEffects.csv in Resources */,
				D164BAF129E29D20009E9B08 /* correct.png in Resources */,
				D164BAF229E29D20009E9B08 /* incorrect.png in Resources */,
				D164BAE129DEEF39009E9B08 /* LaunchScreen.storyboard in Resources */,
				D164BADE29DEEF39009E9B08 /* Assets.xcassets in Resources */,
				D164BADC29DEEF37009E9B08 /* Main.storyboard in Resources */,
				D1103DBD29E6D7550034A1D9 /* QuizIllustrator.csv in Resources */,
				D164BAED29E14AA1009E9B08 /* QuizPremierePro.csv in Resources */,
				D164BAF929E2A799009E9B08 /* QuizPhotoshop.csv in Resources */,
			);
			runOnlyForDeploymentPostprocessing = 0;
		};
/* End PBXResourcesBuildPhase section */

/* Begin PBXShellScriptBuildPhase section */
		B7B3695282041F074142CB3E /* [CP] Check Pods Manifest.lock */ = {
			isa = PBXShellScriptBuildPhase;
			buildActionMask = 2147483647;
			files = (
			);
			inputFileListPaths = (
			);
			inputPaths = (
				"${PODS_PODFILE_DIR_PATH}/Podfile.lock",
				"${PODS_ROOT}/Manifest.lock",
			);
			name = "[CP] Check Pods Manifest.lock";
			outputFileListPaths = (
			);
			outputPaths = (
				"$(DERIVED_FILE_DIR)/Pods-SampleQuiz-checkManifestLockResult.txt",
			);
			runOnlyForDeploymentPostprocessing = 0;
			shellPath = /bin/sh;
			shellScript = "diff \"${PODS_PODFILE_DIR_PATH}/Podfile.lock\" \"${PODS_ROOT}/Manifest.lock\" > /dev/null\nif [ $? != 0 ] ; then\n    # print error to STDERR\n    echo \"error: The sandbox is not in sync with the Podfile.lock. Run 'pod install' or update your CocoaPods installation.\" >&2\n    exit 1\nfi\n# This output is used by Xcode 'outputs' to avoid re-running this script phase.\necho \"SUCCESS\" > \"${SCRIPT_OUTPUT_FILE_0}\"\n";
			showEnvVarsInLog = 0;
		};
/* End PBXShellScriptBuildPhase section */

/* Begin PBXSourcesBuildPhase section */
		D164BACD29DEEF37009E9B08 /* Sources */ = {
			isa = PBXSourcesBuildPhase;
			buildActionMask = 2147483647;
			files = (
				D164BAD929DEEF37009E9B08 /* ViewController.swift in Sources */,
				D164BAD529DEEF37009E9B08 /* AppDelegate.swift in Sources */,
				D164BAEB29DEF260009E9B08 /* ScoreViewController.swift in Sources */,
				D164BAD729DEEF37009E9B08 /* SceneDelegate.swift in Sources */,
				D164BAE929DEF147009E9B08 /* QuizViewController.swift in Sources */,
				D164BAF529E2A465009E9B08 /* SelectToolViewController.swift in Sources */,
			);
			runOnlyForDeploymentPostprocessing = 0;
		};
/* End PBXSourcesBuildPhase section */

/* Begin PBXVariantGroup section */
		D164BADA29DEEF37009E9B08 /* Main.storyboard */ = {
			isa = PBXVariantGroup;
			children = (
				D164BADB29DEEF37009E9B08 /* Base */,
			);
			name = Main.storyboard;
			sourceTree = "<group>";
		};
		D164BADF29DEEF39009E9B08 /* LaunchScreen.storyboard */ = {
			isa = PBXVariantGroup;
			children = (
				D164BAE029DEEF39009E9B08 /* Base */,
			);
			name = LaunchScreen.storyboard;
			sourceTree = "<group>";
		};
/* End PBXVariantGroup section */

/* Begin XCBuildConfiguration section */
		D164BAE329DEEF39009E9B08 /* Debug */ = {
			isa = XCBuildConfiguration;
			buildSettings = {
				ALWAYS_SEARCH_USER_PATHS = NO;
				CLANG_ANALYZER_NONNULL = YES;
				CLANG_ANALYZER_NUMBER_OBJECT_CONVERSION = YES_AGGRESSIVE;
				CLANG_CXX_LANGUAGE_STANDARD = "gnu++20";
				CLANG_ENABLE_MODULES = YES;
				CLANG_ENABLE_OBJC_ARC = YES;
				CLANG_ENABLE_OBJC_WEAK = YES;
				CLANG_WARN_BLOCK_CAPTURE_AUTORELEASING = YES;
				CLANG_WARN_BOOL_CONVERSION = YES;
				CLANG_WARN_COMMA = YES;
				CLANG_WARN_CONSTANT_CONVERSION = YES;
				CLANG_WARN_DEPRECATED_OBJC_IMPLEMENTATIONS = YES;
				CLANG_WARN_DIRECT_OBJC_ISA_USAGE = YES_ERROR;
				CLANG_WARN_DOCUMENTATION_COMMENTS = YES;
				CLANG_WARN_EMPTY_BODY = YES;
				CLANG_WARN_ENUM_CONVERSION = YES;
				CLANG_WARN_INFINITE_RECURSION = YES;
				CLANG_WARN_INT_CONVERSION = YES;
				CLANG_WARN_NON_LITERAL_NULL_CONVERSION = YES;
				CLANG_WARN_OBJC_IMPLICIT_RETAIN_SELF = YES;
				CLANG_WARN_OBJC_LITERAL_CONVERSION = YES;
				CLANG_WARN_OBJC_ROOT_CLASS = YES_ERROR;
				CLANG_WARN_QUOTED_INCLUDE_IN_FRAMEWORK_HEADER = YES;
				CLANG_WARN_RANGE_LOOP_ANALYSIS = YES;
				CLANG_WARN_STRICT_PROTOTYPES = YES;
				CLANG_WARN_SUSPICIOUS_MOVE = YES;
				CLANG_WARN_UNGUARDED_AVAILABILITY = YES_AGGRESSIVE;
				CLANG_WARN_UNREACHABLE_CODE = YES;
				CLANG_WARN__DUPLICATE_METHOD_MATCH = YES;
				COPY_PHASE_STRIP = NO;
				DEBUG_INFORMATION_FORMAT = dwarf;
				ENABLE_STRICT_OBJC_MSGSEND = YES;
				ENABLE_TESTABILITY = YES;
				GCC_C_LANGUAGE_STANDARD = gnu11;
				GCC_DYNAMIC_NO_PIC = NO;
				GCC_NO_COMMON_BLOCKS = YES;
				GCC_OPTIMIZATION_LEVEL = 0;
				GCC_PREPROCESSOR_DEFINITIONS = (
					"DEBUG=1",
					"$(inherited)",
				);
				GCC_WARN_64_TO_32_BIT_CONVERSION = YES;
				GCC_WARN_ABOUT_RETURN_TYPE = YES_ERROR;
				GCC_WARN_UNDECLARED_SELECTOR = YES;
				GCC_WARN_UNINITIALIZED_AUTOS = YES_AGGRESSIVE;
				GCC_WARN_UNUSED_FUNCTION = YES;
				GCC_WARN_UNUSED_VARIABLE = YES;
				IPHONEOS_DEPLOYMENT_TARGET = 15.6;
				MTL_ENABLE_DEBUG_INFO = INCLUDE_SOURCE;
				MTL_FAST_MATH = YES;
				ONLY_ACTIVE_ARCH = YES;
				SDKROOT = iphoneos;
				SWIFT_ACTIVE_COMPILATION_CONDITIONS = DEBUG;
				SWIFT_OPTIMIZATION_LEVEL = "-Onone";
			};
			name = Debug;
		};
		D164BAE429DEEF39009E9B08 /* Release */ = {
			isa = XCBuildConfiguration;
			buildSettings = {
				ALWAYS_SEARCH_USER_PATHS = NO;
				CLANG_ANALYZER_NONNULL = YES;
				CLANG_ANALYZER_NUMBER_OBJECT_CONVERSION = YES_AGGRESSIVE;
				CLANG_CXX_LANGUAGE_STANDARD = "gnu++20";
				CLANG_ENABLE_MODULES = YES;
				CLANG_ENABLE_OBJC_ARC = YES;
				CLANG_ENABLE_OBJC_WEAK = YES;
				CLANG_WARN_BLOCK_CAPTURE_AUTORELEASING = YES;
				CLANG_WARN_BOOL_CONVERSION = YES;
				CLANG_WARN_COMMA = YES;
				CLANG_WARN_CONSTANT_CONVERSION = YES;
				CLANG_WARN_DEPRECATED_OBJC_IMPLEMENTATIONS = YES;
				CLANG_WARN_DIRECT_OBJC_ISA_USAGE = YES_ERROR;
				CLANG_WARN_DOCUMENTATION_COMMENTS = YES;
				CLANG_WARN_EMPTY_BODY = YES;
				CLANG_WARN_ENUM_CONVERSION = YES;
				CLANG_WARN_INFINITE_RECURSION = YES;
				CLANG_WARN_INT_CONVERSION = YES;
				CLANG_WARN_NON_LITERAL_NULL_CONVERSION = YES;
				CLANG_WARN_OBJC_IMPLICIT_RETAIN_SELF = YES;
				CLANG_WARN_OBJC_LITERAL_CONVERSION = YES;
				CLANG_WARN_OBJC_ROOT_CLASS = YES_ERROR;
				CLANG_WARN_QUOTED_INCLUDE_IN_FRAMEWORK_HEADER = YES;
				CLANG_WARN_RANGE_LOOP_ANALYSIS = YES;
				CLANG_WARN_STRICT_PROTOTYPES = YES;
				CLANG_WARN_SUSPICIOUS_MOVE = YES;
				CLANG_WARN_UNGUARDED_AVAILABILITY = YES_AGGRESSIVE;
				CLANG_WARN_UNREACHABLE_CODE = YES;
				CLANG_WARN__DUPLICATE_METHOD_MATCH = YES;
				COPY_PHASE_STRIP = NO;
				DEBUG_INFORMATION_FORMAT = "dwarf-with-dsym";
				ENABLE_NS_ASSERTIONS = NO;
				ENABLE_STRICT_OBJC_MSGSEND = YES;
				GCC_C_LANGUAGE_STANDARD = gnu11;
				GCC_NO_COMMON_BLOCKS = YES;
				GCC_WARN_64_TO_32_BIT_CONVERSION = YES;
				GCC_WARN_ABOUT_RETURN_TYPE = YES_ERROR;
				GCC_WARN_UNDECLARED_SELECTOR = YES;
				GCC_WARN_UNINITIALIZED_AUTOS = YES_AGGRESSIVE;
				GCC_WARN_UNUSED_FUNCTION = YES;
				GCC_WARN_UNUSED_VARIABLE = YES;
				IPHONEOS_DEPLOYMENT_TARGET = 15.6;
				MTL_ENABLE_DEBUG_INFO = NO;
				MTL_FAST_MATH = YES;
				SDKROOT = iphoneos;
				SWIFT_COMPILATION_MODE = wholemodule;
				SWIFT_OPTIMIZATION_LEVEL = "-O";
				VALIDATE_PRODUCT = YES;
			};
			name = Release;
		};
		D164BAE629DEEF39009E9B08 /* Debug */ = {
			isa = XCBuildConfiguration;
			baseConfigurationReference = C3FFACE484201893BB541C84 /* Pods-SampleQuiz.debug.xcconfig */;
			buildSettings = {
				ASSETCATALOG_COMPILER_APPICON_NAME = AppIcon;
				ASSETCATALOG_COMPILER_GLOBAL_ACCENT_COLOR_NAME = AccentColor;
				CODE_SIGN_STYLE = Automatic;
				CURRENT_PROJECT_VERSION = 1;
				DEVELOPMENT_TEAM = 6J48TJY98C;
				GENERATE_INFOPLIST_FILE = YES;
				INFOPLIST_FILE = SampleQuiz/Info.plist;
				INFOPLIST_KEY_UIApplicationSupportsIndirectInputEvents = YES;
				INFOPLIST_KEY_UILaunchStoryboardName = LaunchScreen;
				INFOPLIST_KEY_UIMainStoryboardFile = Main;
				INFOPLIST_KEY_UISupportedInterfaceOrientations_iPad = "UIInterfaceOrientationPortrait UIInterfaceOrientationPortraitUpsideDown UIInterfaceOrientationLandscapeLeft UIInterfaceOrientationLandscapeRight";
				INFOPLIST_KEY_UISupportedInterfaceOrientations_iPhone = "UIInterfaceOrientationPortrait UIInterfaceOrientationLandscapeLeft UIInterfaceOrientationLandscapeRight";
				IPHONEOS_DEPLOYMENT_TARGET = 15.6;
				LD_RUNPATH_SEARCH_PATHS = (
					"$(inherited)",
					"@executable_path/Frameworks",
				);
				MARKETING_VERSION = 1.0;
				PRODUCT_BUNDLE_IDENTIFIER = com.yukinaka.SampleQuiz;
				PRODUCT_NAME = "$(TARGET_NAME)";
				SWIFT_EMIT_LOC_STRINGS = YES;
				SWIFT_VERSION = 5.0;
				TARGETED_DEVICE_FAMILY = "1,2";
			};
			name = Debug;
		};
		D164BAE729DEEF39009E9B08 /* Release */ = {
			isa = XCBuildConfiguration;
			baseConfigurationReference = F6D9B6BCA50B2B54F844C20A /* Pods-SampleQuiz.release.xcconfig */;
			buildSettings = {
				ASSETCATALOG_COMPILER_APPICON_NAME = AppIcon;
				ASSETCATALOG_COMPILER_GLOBAL_ACCENT_COLOR_NAME = AccentColor;
				CODE_SIGN_STYLE = Automatic;
				CURRENT_PROJECT_VERSION = 1;
				DEVELOPMENT_TEAM = 6J48TJY98C;
				GENERATE_INFOPLIST_FILE = YES;
				INFOPLIST_FILE = SampleQuiz/Info.plist;
				INFOPLIST_KEY_UIApplicationSupportsIndirectInputEvents = YES;
				INFOPLIST_KEY_UILaunchStoryboardName = LaunchScreen;
				INFOPLIST_KEY_UIMainStoryboardFile = Main;
				INFOPLIST_KEY_UISupportedInterfaceOrientations_iPad = "UIInterfaceOrientationPortrait UIInterfaceOrientationPortraitUpsideDown UIInterfaceOrientationLandscapeLeft UIInterfaceOrientationLandscapeRight";
				INFOPLIST_KEY_UISupportedInterfaceOrientations_iPhone = "UIInterfaceOrientationPortrait UIInterfaceOrientationLandscapeLeft UIInterfaceOrientationLandscapeRight";
				IPHONEOS_DEPLOYMENT_TARGET = 15.6;
				LD_RUNPATH_SEARCH_PATHS = (
					"$(inherited)",
					"@executable_path/Frameworks",
				);
				MARKETING_VERSION = 1.0;
				PRODUCT_BUNDLE_IDENTIFIER = com.yukinaka.SampleQuiz;
				PRODUCT_NAME = "$(TARGET_NAME)";
				SWIFT_EMIT_LOC_STRINGS = YES;
				SWIFT_VERSION = 5.0;
				TARGETED_DEVICE_FAMILY = "1,2";
			};
			name = Release;
		};
/* End XCBuildConfiguration section */

/* Begin XCConfigurationList section */
		D164BACC29DEEF37009E9B08 /* Build configuration list for PBXProject "SampleQuiz" */ = {
			isa = XCConfigurationList;
			buildConfigurations = (
				D164BAE329DEEF39009E9B08 /* Debug */,
				D164BAE429DEEF39009E9B08 /* Release */,
			);
			defaultConfigurationIsVisible = 0;
			defaultConfigurationName = Release;
		};
		D164BAE529DEEF39009E9B08 /* Build configuration list for PBXNativeTarget "SampleQuiz" */ = {
			isa = XCConfigurationList;
			buildConfigurations = (
				D164BAE629DEEF39009E9B08 /* Debug */,
				D164BAE729DEEF39009E9B08 /* Release */,
			);
			defaultConfigurationIsVisible = 0;
			defaultConfigurationName = Release;
		};
/* End XCConfigurationList section */
	};
	rootObject = D164BAC929DEEF37009E9B08 /* Project object */;
}
